
Microsoft Visual Studio Solution File, Format Version 12.00
# Visual Studio Version 17
VisualStudioVersion = 17.5.2.0
MinimumVisualStudioVersion = 10.0.40219.1
Project("{FAE04EC0-301F-11D3-BF4B-00C04F79EFBC}") = "VolleyballScraper.Api", "VolleyballScraper.Api\VolleyballScraper.Api.csproj", "{18B3DA68-AD77-3C69-9209-9580AB8FE4B5}"
EndProject
Project("{FAE04EC0-301F-11D3-BF4B-00C04F79EFBC}") = "VolleyballScraper.Tests", "VolleyballScraper.Tests\VolleyballScraper.Tests.csproj", "{5519BBBE-3BE0-45A0-BB36-100E4B84B695}"
EndProject
Global
	GlobalSection(SolutionConfigurationPlatforms) = preSolution
		Debug|Any CPU = Debug|Any CPU
		Debug|x64 = Debug|x64
		Debug|x86 = Debug|x86
		Release|Any CPU = Release|Any CPU
		Release|x64 = Release|x64
		Release|x86 = Release|x86
	EndGlobalSection
	GlobalSection(ProjectConfigurationPlatforms) = postSolution
		{18B3DA68-AD77-3C69-9209-9580AB8FE4B5}.Debug|Any CPU.ActiveCfg = Debug|Any CPU
		{18B3DA68-AD77-3C69-9209-9580AB8FE4B5}.Debug|Any CPU.Build.0 = Debug|Any CPU
		{18B3DA68-AD77-3C69-9209-9580AB8FE4B5}.Debug|x64.ActiveCfg = Debug|Any CPU
		{18B3DA68-AD77-3C69-9209-9580AB8FE4B5}.Debug|x64.Build.0 = Debug|Any CPU
		{18B3DA68-AD77-3C69-9209-9580AB8FE4B5}.Debug|x86.ActiveCfg = Debug|Any CPU
		{18B3DA68-AD77-3C69-9209-9580AB8FE4B5}.Debug|x86.Build.0 = Debug|Any CPU
		{18B3DA68-AD77-3C69-9209-9580AB8FE4B5}.Release|Any CPU.ActiveCfg = Release|Any CPU
		{18B3DA68-AD77-3C69-9209-9580AB8FE4B5}.Release|Any CPU.Build.0 = Release|Any CPU
		{18B3DA68-AD77-3C69-9209-9580AB8FE4B5}.Release|x64.ActiveCfg = Release|Any CPU
		{18B3DA68-AD77-3C69-9209-9580AB8FE4B5}.Release|x64.Build.0 = Release|Any CPU
		{18B3DA68-AD77-3C69-9209-9580AB8FE4B5}.Release|x86.ActiveCfg = Release|Any CPU
		{18B3DA68-AD77-3C69-9209-9580AB8FE4B5}.Release|x86.Build.0 = Release|Any CPU
		{5519BBBE-3BE0-45A0-BB36-100E4B84B695}.Debug|Any CPU.ActiveCfg = Debug|Any CPU
		{5519BBBE-3BE0-45A0-BB36-100E4B84B695}.Debug|Any CPU.Build.0 = Debug|Any CPU
		{5519BBBE-3BE0-45A0-BB36-100E4B84B695}.Debug|x64.ActiveCfg = Debug|Any CPU
		{5519BBBE-3BE0-45A0-BB36-100E4B84B695}.Debug|x64.Build.0 = Debug|Any CPU
		{5519BBBE-3BE0-45A0-BB36-100E4B84B695}.Debug|x86.ActiveCfg = Debug|Any CPU
		{5519BBBE-3BE0-45A0-BB36-100E4B84B695}.Debug|x86.Build.0 = Debug|Any CPU
		{5519BBBE-3BE0-45A0-BB36-100E4B84B695}.Release|Any CPU.ActiveCfg = Release|Any CPU
		{5519BBBE-3BE0-45A0-BB36-100E4B84B695}.Release|Any CPU.Build.0 = Release|Any CPU
		{5519BBBE-3BE0-45A0-BB36-100E4B84B695}.Release|x64.ActiveCfg = Release|Any CPU
		{5519BBBE-3BE0-45A0-BB36-100E4B84B695}.Release|x64.Build.0 = Release|Any CPU
		{5519BBBE-3BE0-45A0-BB36-100E4B84B695}.Release|x86.ActiveCfg = Release|Any CPU
		{5519BBBE-3BE0-45A0-BB36-100E4B84B695}.Release|x86.Build.0 = Release|Any CPU
	EndGlobalSection
	GlobalSection(SolutionProperties) = preSolution
		HideSolutionNode = FALSE
	EndGlobalSection
	GlobalSection(ExtensibilityGlobals) = postSolution
		SolutionGuid = {2E381126-7A33-4979-BEF6-3E32BFA0A98A}
	EndGlobalSection
EndGlobal
